
Microsoft Visual Studio Solution File, Format Version 12.00
# Visual Studio 2012
Project("{FAE04EC0-301F-11D3-BF4B-00C04F79EFBC}") = "Tests1", "Tests1\Tests1.csproj", "{F33F5AAE-1EE7-4616-B2D2-31A3A8E14467}"
EndProject
Global
	GlobalSection(SolutionConfigurationPlatforms) = preSolution
		Debug|Any CPU = Debug|Any CPU
		Release|Any CPU = Release|Any CPU
	EndGlobalSection
	GlobalSection(ProjectConfigurationPlatforms) = postSolution
		{F33F5AAE-1EE7-4616-B2D2-31A3A8E14467}.Debug|Any CPU.ActiveCfg = Debug|Any CPU
		{F33F5AAE-1EE7-4616-B2D2-31A3A8E14467}.Debug|Any CPU.Build.0 = Debug|Any CPU
		{F33F5AAE-1EE7-4616-B2D2-31A3A8E14467}.Release|Any CPU.ActiveCfg = Release|Any CPU
		{F33F5AAE-1EE7-4616-B2D2-31A3A8E14467}.Release|Any CPU.Build.0 = Release|Any CPU
	EndGlobalSection
	GlobalSection(MonoDevelopProperties) = preSolution
		Policies = $0
		$0.DotNetNamingPolicy = $1
		$1.DirectoryNamespaceAssociation = PrefixedHierarchical
		$0.VersionControlPolicy = $2
	EndGlobalSection
EndGlobal
